
Microsoft Visual Studio Solution File, Format Version 12.00
# Visual Studio Version 16
VisualStudioVersion = 16.0.30114.105
MinimumVisualStudioVersion = 10.0.40219.1
Project("{FAE04EC0-301F-11D3-BF4B-00C04F79EFBC}") = "EmployeeManagement", "EmployeeManagement\EmployeeManagement.csproj", "{F9F9CF8A-6E22-424C-A463-81B8C41B4D01}"
EndProject
Global
	GlobalSection(SolutionConfigurationPlatforms) = preSolution
		Debug|Any CPU = Debug|Any CPU
		Release|Any CPU = Release|Any CPU
	EndGlobalSection
	GlobalSection(ProjectConfigurationPlatforms) = postSolution
		{F9F9CF8A-6E22-424C-A463-81B8C41B4D01}.Debug|Any CPU.ActiveCfg = Debug|Any CPU
		{F9F9CF8A-6E22-424C-A463-81B8C41B4D01}.Debug|Any CPU.Build.0 = Debug|Any CPU
		{F9F9CF8A-6E22-424C-A463-81B8C41B4D01}.Release|Any CPU.ActiveCfg = Release|Any CPU
		{F9F9CF8A-6E22-424C-A463-81B8C41B4D01}.Release|Any CPU.Build.0 = Release|Any CPU
	EndGlobalSection
	GlobalSection(SolutionProperties) = preSolution
		HideSolutionNode = FALSE
	EndGlobalSection
	GlobalSection(ExtensibilityGlobals) = postSolution
		SolutionGuid = {D05397C9-F75E-448E-B9CD-CF585F41FEAD}
	EndGlobalSection
EndGlobal
